{
  "name": "nostr-ui",
  "version": "0.0.1",
  "lockfileVersion": 3,
  "requires": true,
  "packages": {
    "": {
      "name": "nostr-ui",
      "version": "0.0.1",
      "license": "MIT",
      "dependencies": {
        "dior": "^0.0.5"
      }
    },
    "node_modules/dior": {
      "version": "0.0.5",
      "resolved": "https://registry.npmjs.org/dior/-/dior-0.0.5.tgz",
      "integrity": "sha512-luq9m4OC9QkQoaazfAZBVHCUck5dFV80mKYMwjJSIlSCSs4Z3xniK7xMCPu90baxrKSUpFWrqSXXQ8JlSfQFow=="
    }
  }
}
